// !$*UTF8*$!
{
	archiveVersion = 1;
	classes = {
	};
	objectVersion = 46;
	objects = {

/* Begin PBXBuildFile section */
		C6C3C4A51BC544CB008AF126 /* main.m in Sources */ = {isa = PBXBuildFile; fileRef = C6C3C4A41BC544CB008AF126 /* main.m */; };
		C6C3C4A81BC544CB008AF126 /* AppDelegate.m in Sources */ = {isa = PBXBuildFile; fileRef = C6C3C4A71BC544CB008AF126 /* AppDelegate.m */; };
		C6C3C4B01BC544CB008AF126 /* Assets.xcassets in Resources */ = {isa = PBXBuildFile; fileRef = C6C3C4AF1BC544CB008AF126 /* Assets.xcassets */; };
		C6C3C4BC1BC54528008AF126 /* JCMHypnosisView.m in Sources */ = {isa = PBXBuildFile; fileRef = C6C3C4BB1BC54528008AF126 /* JCMHypnosisView.m */; settings = {ASSET_TAGS = (); }; };
		C6C3C4C21BC55780008AF126 /* JCMHypnosisViewController.m in Sources */ = {isa = PBXBuildFile; fileRef = C6C3C4C11BC55780008AF126 /* JCMHypnosisViewController.m */; settings = {ASSET_TAGS = (); }; };
		C6C3C4C41BC558A0008AF126 /* Default-568h@2x.png in Resources */ = {isa = PBXBuildFile; fileRef = C6C3C4C31BC558A0008AF126 /* Default-568h@2x.png */; settings = {ASSET_TAGS = (); }; };
		C6C3C4C71BC55940008AF126 /* JCMReminderViewController.m in Sources */ = {isa = PBXBuildFile; fileRef = C6C3C4C61BC55940008AF126 /* JCMReminderViewController.m */; settings = {ASSET_TAGS = (); }; };
		C6C3C4C91BC55A66008AF126 /* JCMReminderViewController.xib in Resources */ = {isa = PBXBuildFile; fileRef = C6C3C4C81BC55A66008AF126 /* JCMReminderViewController.xib */; settings = {ASSET_TAGS = (); }; };
/* End PBXBuildFile section */

/* Begin PBXFileReference section */
		C6C3C4A01BC544CB008AF126 /* HypnoNerd.app */ = {isa = PBXFileReference; explicitFileType = wrapper.application; includeInIndex = 0; path = HypnoNerd.app; sourceTree = BUILT_PRODUCTS_DIR; };
		C6C3C4A41BC544CB008AF126 /* main.m */ = {isa = PBXFileReference; lastKnownFileType = sourcecode.c.objc; path = main.m; sourceTree = "<group>"; };
		C6C3C4A61BC544CB008AF126 /* AppDelegate.h */ = {isa = PBXFileReference; lastKnownFileType = sourcecode.c.h; path = AppDelegate.h; sourceTree = "<group>"; };
		C6C3C4A71BC544CB008AF126 /* AppDelegate.m */ = {isa = PBXFileReference; lastKnownFileType = sourcecode.c.objc; path = AppDelegate.m; sourceTree = "<group>"; };
		C6C3C4AF1BC544CB008AF126 /* Assets.xcassets */ = {isa = PBXFileReference; lastKnownFileType = folder.assetcatalog; path = Assets.xcassets; sourceTree = "<group>"; };
		C6C3C4B41BC544CB008AF126 /* Info.plist */ = {isa = PBXFileReference; lastKnownFileType = text.plist.xml; path = Info.plist; sourceTree = "<group>"; };
		C6C3C4BA1BC54528008AF126 /* JCMHypnosisView.h */ = {isa = PBXFileReference; fileEncoding = 4; lastKnownFileType = sourcecode.c.h; path = JCMHypnosisView.h; sourceTree = "<group>"; };
		C6C3C4BB1BC54528008AF126 /* JCMHypnosisView.m */ = {isa = PBXFileReference; fileEncoding = 4; lastKnownFileType = sourcecode.c.objc; path = JCMHypnosisView.m; sourceTree = "<group>"; };
		C6C3C4C01BC55780008AF126 /* JCMHypnosisViewController.h */ = {isa = PBXFileReference; fileEncoding = 4; lastKnownFileType = sourcecode.c.h; path = JCMHypnosisViewController.h; sourceTree = "<group>"; };
		C6C3C4C11BC55780008AF126 /* JCMHypnosisViewController.m */ = {isa = PBXFileReference; fileEncoding = 4; lastKnownFileType = sourcecode.c.objc; path = JCMHypnosisViewController.m; sourceTree = "<group>"; };
		C6C3C4C31BC558A0008AF126 /* Default-568h@2x.png */ = {isa = PBXFileReference; lastKnownFileType = image.png; path = "Default-568h@2x.png"; sourceTree = "<group>"; };
		C6C3C4C51BC55940008AF126 /* JCMReminderViewController.h */ = {isa = PBXFileReference; fileEncoding = 4; lastKnownFileType = sourcecode.c.h; path = JCMReminderViewController.h; sourceTree = "<group>"; };
		C6C3C4C61BC55940008AF126 /* JCMReminderViewController.m */ = {isa = PBXFileReference; fileEncoding = 4; lastKnownFileType = sourcecode.c.objc; path = JCMReminderViewController.m; sourceTree = "<group>"; };
		C6C3C4C81BC55A66008AF126 /* JCMReminderViewController.xib */ = {isa = PBXFileReference; fileEncoding = 4; lastKnownFileType = file.xib; path = JCMReminderViewController.xib; sourceTree = "<group>"; };
/* End PBXFileReference section */

/* Begin PBXFrameworksBuildPhase section */
		C6C3C49D1BC544CB008AF126 /* Frameworks */ = {
			isa = PBXFrameworksBuildPhase;
			buildActionMask = 2147483647;
			files = (
			);
			runOnlyForDeploymentPostprocessing = 0;
		};
/* End PBXFrameworksBuildPhase section */

/* Begin PBXGroup section */
		C6C3C4971BC544CB008AF126 = {
			isa = PBXGroup;
			children = (
				C6C3C4C31BC558A0008AF126 /* Default-568h@2x.png */,
				C6C3C4A21BC544CB008AF126 /* HypnoNerd */,
				C6C3C4A11BC544CB008AF126 /* Products */,
			);
			sourceTree = "<group>";
		};
		C6C3C4A11BC544CB008AF126 /* Products */ = {
			isa = PBXGroup;
			children = (
				C6C3C4A01BC544CB008AF126 /* HypnoNerd.app */,
			);
			name = Products;
			sourceTree = "<group>";
		};
		C6C3C4A21BC544CB008AF126 /* HypnoNerd */ = {
			isa = PBXGroup;
			children = (
				C6C3C4BA1BC54528008AF126 /* JCMHypnosisView.h */,
				C6C3C4BB1BC54528008AF126 /* JCMHypnosisView.m */,
				C6C3C4C01BC55780008AF126 /* JCMHypnosisViewController.h */,
				C6C3C4C11BC55780008AF126 /* JCMHypnosisViewController.m */,
				C6C3C4C81BC55A66008AF126 /* JCMReminderViewController.xib */,
				C6C3C4C51BC55940008AF126 /* JCMReminderViewController.h */,
				C6C3C4C61BC55940008AF126 /* JCMReminderViewController.m */,
				C6C3C4A61BC544CB008AF126 /* AppDelegate.h */,
				C6C3C4A71BC544CB008AF126 /* AppDelegate.m */,
				C6C3C4AF1BC544CB008AF126 /* Assets.xcassets */,
				C6C3C4B41BC544CB008AF126 /* Info.plist */,
				C6C3C4A31BC544CB008AF126 /* Supporting Files */,
			);
			path = HypnoNerd;
			sourceTree = "<group>";
		};
		C6C3C4A31BC544CB008AF126 /* Supporting Files */ = {
			isa = PBXGroup;
			children = (
				C6C3C4A41BC544CB008AF126 /* main.m */,
			);
			name = "Supporting Files";
			sourceTree = "<group>";
		};
/* End PBXGroup section */

/* Begin PBXNativeTarget section */
		C6C3C49F1BC544CB008AF126 /* HypnoNerd */ = {
			isa = PBXNativeTarget;
			buildConfigurationList = C6C3C4B71BC544CB008AF126 /* Build configuration list for PBXNativeTarget "HypnoNerd" */;
			buildPhases = (
				C6C3C49C1BC544CB008AF126 /* Sources */,
				C6C3C49D1BC544CB008AF126 /* Frameworks */,
				C6C3C49E1BC544CB008AF126 /* Resources */,
			);
			buildRules = (
			);
			dependencies = (
			);
			name = HypnoNerd;
			productName = HypnoNerd;
			productReference = C6C3C4A01BC544CB008AF126 /* HypnoNerd.app */;
			productType = "com.apple.product-type.application";
		};
/* End PBXNativeTarget section */

/* Begin PBXProject section */
		C6C3C4981BC544CB008AF126 /* Project object */ = {
			isa = PBXProject;
			attributes = {
				LastUpgradeCheck = 0700;
				ORGANIZATIONNAME = Jackchenxm;
				TargetAttributes = {
					C6C3C49F1BC544CB008AF126 = {
						CreatedOnToolsVersion = 7.0.1;
					};
				};
			};
			buildConfigurationList = C6C3C49B1BC544CB008AF126 /* Build configuration list for PBXProject "HypnoNerd" */;
			compatibilityVersion = "Xcode 3.2";
			developmentRegion = English;
			hasScannedForEncodings = 0;
			knownRegions = (
				en,
				Base,
			);
			mainGroup = C6C3C4971BC544CB008AF126;
			productRefGroup = C6C3C4A11BC544CB008AF126 /* Products */;
			projectDirPath = "";
			projectRoot = "";
			targets = (
				C6C3C49F1BC544CB008AF126 /* HypnoNerd */,
			);
		};
/* End PBXProject section */

/* Begin PBXResourcesBuildPhase section */
		C6C3C49E1BC544CB008AF126 /* Resources */ = {
			isa = PBXResourcesBuildPhase;
			buildActionMask = 2147483647;
			files = (
				C6C3C4B01BC544CB008AF126 /* Assets.xcassets in Resources */,
				C6C3C4C91BC55A66008AF126 /* JCMReminderViewController.xib in Resources */,
				C6C3C4C41BC558A0008AF126 /* Default-568h@2x.png in Resources */,
			);
			runOnlyForDeploymentPostprocessing = 0;
		};
/* End PBXResourcesBuildPhase section */

/* Begin PBXSourcesBuildPhase section */
		C6C3C49C1BC544CB008AF126 /* Sources */ = {
			isa = PBXSourcesBuildPhase;
			buildActionMask = 2147483647;
			files = (
				C6C3C4C21BC55780008AF126 /* JCMHypnosisViewController.m in Sources */,
				C6C3C4A81BC544CB008AF126 /* AppDelegate.m in Sources */,
				C6C3C4A51BC544CB008AF126 /* main.m in Sources */,
				C6C3C4BC1BC54528008AF126 /* JCMHypnosisView.m in Sources */,
				C6C3C4C71BC55940008AF126 /* JCMReminderViewController.m in Sources */,
			);
			runOnlyForDeploymentPostprocessing = 0;
		};
/* End PBXSourcesBuildPhase section */

/* Begin XCBuildConfiguration section */
		C6C3C4B51BC544CB008AF126 /* Debug */ = {
			isa = XCBuildConfiguration;
			buildSettings = {
				ALWAYS_SEARCH_USER_PATHS = NO;
				CLANG_CXX_LANGUAGE_STANDARD = "gnu++0x";
				CLANG_CXX_LIBRARY = "libc++";
				CLANG_ENABLE_MODULES = YES;
				CLANG_ENABLE_OBJC_ARC = YES;
				CLANG_WARN_BOOL_CONVERSION = YES;
				CLANG_WARN_CONSTANT_CONVERSION = YES;
				CLANG_WARN_DIRECT_OBJC_ISA_USAGE = YES_ERROR;
				CLANG_WARN_EMPTY_BODY = YES;
				CLANG_WARN_ENUM_CONVERSION = YES;
				CLANG_WARN_INT_CONVERSION = YES;
				CLANG_WARN_OBJC_ROOT_CLASS = YES_ERROR;
				CLANG_WARN_UNREACHABLE_CODE = YES;
				CLANG_WARN__DUPLICATE_METHOD_MATCH = YES;
				"CODE_SIGN_IDENTITY[sdk=iphoneos*]" = "iPhone Developer";
				COPY_PHASE_STRIP = NO;
				DEBUG_INFORMATION_FORMAT = dwarf;
				ENABLE_STRICT_OBJC_MSGSEND = YES;
				ENABLE_TESTABILITY = YES;
				GCC_C_LANGUAGE_STANDARD = gnu99;
				GCC_DYNAMIC_NO_PIC = NO;
				GCC_NO_COMMON_BLOCKS = YES;
				GCC_OPTIMIZATION_LEVEL = 0;
				GCC_PREPROCESSOR_DEFINITIONS = (
					"DEBUG=1",
					"$(inherited)",
				);
				GCC_WARN_64_TO_32_BIT_CONVERSION = YES;
				GCC_WARN_ABOUT_RETURN_TYPE = YES_ERROR;
				GCC_WARN_UNDECLARED_SELECTOR = YES;
				GCC_WARN_UNINITIALIZED_AUTOS = YES_AGGRESSIVE;
				GCC_WARN_UNUSED_FUNCTION = YES;
				GCC_WARN_UNUSED_VARIABLE = YES;
				IPHONEOS_DEPLOYMENT_TARGET = 9.0;
				MTL_ENABLE_DEBUG_INFO = YES;
				ONLY_ACTIVE_ARCH = YES;
				SDKROOT = iphoneos;
			};
			name = Debug;
		};
		C6C3C4B61BC544CB008AF126 /* Release */ = {
			isa = XCBuildConfiguration;
			buildSettings = {
				ALWAYS_SEARCH_USER_PATHS = NO;
				CLANG_CXX_LANGUAGE_STANDARD = "gnu++0x";
				CLANG_CXX_LIBRARY = "libc++";
				CLANG_ENABLE_MODULES = YES;
				CLANG_ENABLE_OBJC_ARC = YES;
				CLANG_WARN_BOOL_CONVERSION = YES;
				CLANG_WARN_CONSTANT_CONVERSION = YES;
				CLANG_WARN_DIRECT_OBJC_ISA_USAGE = YES_ERROR;
				CLANG_WARN_EMPTY_BODY = YES;
				CLANG_WARN_ENUM_CONVERSION = YES;
				CLANG_WARN_INT_CONVERSION = YES;
				CLANG_WARN_OBJC_ROOT_CLASS = YES_ERROR;
				CLANG_WARN_UNREACHABLE_CODE = YES;
				CLANG_WARN__DUPLICATE_METHOD_MATCH = YES;
				"CODE_SIGN_IDENTITY[sdk=iphoneos*]" = "iPhone Developer";
				COPY_PHASE_STRIP = NO;
				DEBUG_INFORMATION_FORMAT = "dwarf-with-dsym";
				ENABLE_NS_ASSERTIONS = NO;
				ENABLE_STRICT_OBJC_MSGSEND = YES;
				GCC_C_LANGUAGE_STANDARD = gnu99;
				GCC_NO_COMMON_BLOCKS = YES;
				GCC_WARN_64_TO_32_BIT_CONVERSION = YES;
				GCC_WARN_ABOUT_RETURN_TYPE = YES_ERROR;
				GCC_WARN_UNDECLARED_SELECTOR = YES;
				GCC_WARN_UNINITIALIZED_AUTOS = YES_AGGRESSIVE;
				GCC_WARN_UNUSED_FUNCTION = YES;
				GCC_WARN_UNUSED_VARIABLE = YES;
				IPHONEOS_DEPLOYMENT_TARGET = 9.0;
				MTL_ENABLE_DEBUG_INFO = NO;
				SDKROOT = iphoneos;
				VALIDATE_PRODUCT = YES;
			};
			name = Release;
		};
		C6C3C4B81BC544CB008AF126 /* Debug */ = {
			isa = XCBuildConfiguration;
			buildSettings = {
				ASSETCATALOG_COMPILER_APPICON_NAME = AppIcon;
				INFOPLIST_FILE = HypnoNerd/Info.plist;
				LD_RUNPATH_SEARCH_PATHS = "$(inherited) @executable_path/Frameworks";
				PRODUCT_BUNDLE_IDENTIFIER = Jackchenxm.Factory.HypnoNerd;
				PRODUCT_NAME = "$(TARGET_NAME)";
			};
			name = Debug;
		};
		C6C3C4B91BC544CB008AF126 /* Release */ = {
			isa = XCBuildConfiguration;
			buildSettings = {
				ASSETCATALOG_COMPILER_APPICON_NAME = AppIcon;
				INFOPLIST_FILE = HypnoNerd/Info.plist;
				LD_RUNPATH_SEARCH_PATHS = "$(inherited) @executable_path/Frameworks";
				PRODUCT_BUNDLE_IDENTIFIER = Jackchenxm.Factory.HypnoNerd;
				PRODUCT_NAME = "$(TARGET_NAME)";
			};
			name = Release;
		};
/* End XCBuildConfiguration section */

/* Begin XCConfigurationList section */
		C6C3C49B1BC544CB008AF126 /* Build configuration list for PBXProject "HypnoNerd" */ = {
			isa = XCConfigurationList;
			buildConfigurations = (
				C6C3C4B51BC544CB008AF126 /* Debug */,
				C6C3C4B61BC544CB008AF126 /* Release */,
			);
			defaultConfigurationIsVisible = 0;
			defaultConfigurationName = Release;
		};
		C6C3C4B71BC544CB008AF126 /* Build configuration list for PBXNativeTarget "HypnoNerd" */ = {
			isa = XCConfigurationList;
			buildConfigurations = (
				C6C3C4B81BC544CB008AF126 /* Debug */,
				C6C3C4B91BC544CB008AF126 /* Release */,
			);
			defaultConfigurationIsVisible = 0;
		};
/* End XCConfigurationList section */
	};
	rootObject = C6C3C4981BC544CB008AF126 /* Project object */;
}
